
Microsoft Visual Studio Solution File, Format Version 12.00
# Visual Studio Version 17
VisualStudioVersion = 17.12.35707.178
MinimumVisualStudioVersion = 10.0.40219.1
Project("{FAE04EC0-301F-11D3-BF4B-00C04F79EFBC}") = "AM.UI.Console", "AM.UI.Console\AM.UI.Console.csproj", "{44B98BE4-AD27-4257-997E-4B012375F127}"
EndProject
Project("{FAE04EC0-301F-11D3-BF4B-00C04F79EFBC}") = "AM.ApplicationCore", "AM.ApplicationCore\AM.ApplicationCore.csproj", "{A4C18314-CA42-4AAA-A422-2483E00A02A4}"
EndProject
Project("{FAE04EC0-301F-11D3-BF4B-00C04F79EFBC}") = "AM.InfraStructure", "AM.InfraStructure\AM.InfraStructure.csproj", "{1E88FBE6-62B0-4607-A88D-D0DAA69F6369}"
EndProject
Project("{FAE04EC0-301F-11D3-BF4B-00C04F79EFBC}") = "AM.UI.Web", "AM.UI.Web\AM.UI.Web.csproj", "{9EF91556-46F1-44DB-BA28-49DE558E1920}"
EndProject
Global
	GlobalSection(SolutionConfigurationPlatforms) = preSolution
		Debug|Any CPU = Debug|Any CPU
		Release|Any CPU = Release|Any CPU
	EndGlobalSection
	GlobalSection(ProjectConfigurationPlatforms) = postSolution
		{44B98BE4-AD27-4257-997E-4B012375F127}.Debug|Any CPU.ActiveCfg = Debug|Any CPU
		{44B98BE4-AD27-4257-997E-4B012375F127}.Debug|Any CPU.Build.0 = Debug|Any CPU
		{44B98BE4-AD27-4257-997E-4B012375F127}.Release|Any CPU.ActiveCfg = Release|Any CPU
		{44B98BE4-AD27-4257-997E-4B012375F127}.Release|Any CPU.Build.0 = Release|Any CPU
		{A4C18314-CA42-4AAA-A422-2483E00A02A4}.Debug|Any CPU.ActiveCfg = Debug|Any CPU
		{A4C18314-CA42-4AAA-A422-2483E00A02A4}.Debug|Any CPU.Build.0 = Debug|Any CPU
		{A4C18314-CA42-4AAA-A422-2483E00A02A4}.Release|Any CPU.ActiveCfg = Release|Any CPU
		{A4C18314-CA42-4AAA-A422-2483E00A02A4}.Release|Any CPU.Build.0 = Release|Any CPU
		{1E88FBE6-62B0-4607-A88D-D0DAA69F6369}.Debug|Any CPU.ActiveCfg = Debug|Any CPU
		{1E88FBE6-62B0-4607-A88D-D0DAA69F6369}.Debug|Any CPU.Build.0 = Debug|Any CPU
		{1E88FBE6-62B0-4607-A88D-D0DAA69F6369}.Release|Any CPU.ActiveCfg = Release|Any CPU
		{1E88FBE6-62B0-4607-A88D-D0DAA69F6369}.Release|Any CPU.Build.0 = Release|Any CPU
		{9EF91556-46F1-44DB-BA28-49DE558E1920}.Debug|Any CPU.ActiveCfg = Debug|Any CPU
		{9EF91556-46F1-44DB-BA28-49DE558E1920}.Debug|Any CPU.Build.0 = Debug|Any CPU
		{9EF91556-46F1-44DB-BA28-49DE558E1920}.Release|Any CPU.ActiveCfg = Release|Any CPU
		{9EF91556-46F1-44DB-BA28-49DE558E1920}.Release|Any CPU.Build.0 = Release|Any CPU
	EndGlobalSection
	GlobalSection(SolutionProperties) = preSolution
		HideSolutionNode = FALSE
	EndGlobalSection
EndGlobal
